# franken-constellation-v1
# `public_contract_fingerprint` is SHA-256 over the deterministic
# `frankengit.public-contract-candidate-inventory.v1` source inventory emitted
# by `fgit-registry-check ledger-constellation`. It is lexical source evidence,
# not a semantic Rust API equivalence proof. `transitive_unsafe_digest` is
# SHA-256 over that command's resolved closure identities and lexical unsafe
# construct candidates. Regenerate both on every admitted source update.
state	admitted
package	source	version	revision	checksum	features	default_features	public_contract_fingerprint	target_support	license	build_scripts	proc_macros	transitive_unsafe_digest	evidence_class	removal_update_path
asupersync	registry+https://github.com/rust-lang/crates.io-index	0.4.9	not_applicable	be81588a09a28a312b09d4af71e8aa8c6736e1d670a69a42e6779e874fbad1bd	none	disabled	5bc0a4377870863a7f56d53c4c1f2232131e97a3a5f9c707ae29b1dee545f5cd	all-cargo-lock-targets	LicenseRef-MIT-OpenAI-Anthropic-Rider	enabled	disabled	0fa341b2a92f998f8dea9863e4fad9719cdcc014fdcdb6b5d80d43df96d42857	admitted	docs/DEPENDENCY_AND_MEMORY_SAFETY_CONSTITUTION.md#7-dependency-admission-procedure
franken-decision	registry+https://github.com/rust-lang/crates.io-index	0.4.9	not_applicable	e3645a3f60a4e63b19feac3121871cd5599fe46a10c4e90cabaee9fd6d27a030	none	not_applicable	0dad51d45e464051a9eec5c427a1c430043679fb795791254f6f001457b974c7	all-cargo-lock-targets	LicenseRef-MIT-OpenAI-Anthropic-Rider	disabled	disabled	00b006f7e63320a8efc8e9a91009f22db0777f2211ebdd9c86531d5c3f2dbeb4	admitted	docs/DEPENDENCY_AND_MEMORY_SAFETY_CONSTITUTION.md#7-dependency-admission-procedure
franken-evidence	registry+https://github.com/rust-lang/crates.io-index	0.4.9	not_applicable	ad9d4f7ad2461e03e792809d98c9f02dc816ab3b3766493a0b0bf6a07d7effc0	none	not_applicable	942d7396598cdb906441137e284c4f3094ef5d650627fc51054c93359ef40e5c	all-cargo-lock-targets	LicenseRef-MIT-OpenAI-Anthropic-Rider	disabled	disabled	082b2a223d0e40f5595c9dd675f6ddae73d5f42c8406f7a6110e98c7009bbb5e	admitted	docs/DEPENDENCY_AND_MEMORY_SAFETY_CONSTITUTION.md#7-dependency-admission-procedure
franken-kernel	registry+https://github.com/rust-lang/crates.io-index	0.4.9	not_applicable	92263c58ff55e6f171441ce40efb70ed26a2588d38a793435f2aeef456246696	none	not_applicable	e9910147a6b64de9dd20b8cf7c11a85793d8bdb466bcde799a97692afd2a20d0	all-cargo-lock-targets	LicenseRef-MIT-OpenAI-Anthropic-Rider	disabled	disabled	049c0d0a4318dc3e42fcbe25660c3d55e413ca92fc2489251160b2e4cd608300	admitted	docs/DEPENDENCY_AND_MEMORY_SAFETY_CONSTITUTION.md#7-dependency-admission-procedure
fsqlite	registry+https://github.com/rust-lang/crates.io-index	0.3.7	not_applicable	0b7b5b479b155c0c6f32a4e725d33b5b7fc89303a821566ddb0711238883847c	async-api,native	disabled	1197ffe4e533a1669abf367729a776dedf8e9a6d01ecb40c4f85212015330889	all-cargo-lock-targets	LicenseRef-MIT-OpenAI-Anthropic-Rider	disabled	disabled	ce39c74d1f0ec7e5d3d73b2a9e676d0aa5bb1c3950ecffec4855c4d2f60ea1e0	admitted	docs/DEPENDENCY_AND_MEMORY_SAFETY_CONSTITUTION.md#7-dependency-admission-procedure
sqlmodel-core	registry+https://github.com/rust-lang/crates.io-index	0.4.2	not_applicable	41fe7ee1ca5c662a202099d1968ed1baee8c0de351618407057ec5d7b13b0c19	none	disabled	5f13fdcab1c95f3586fccf60d767996df806af55afdcf3bf014524166b05dd26	all-cargo-lock-targets	LicenseRef-MIT-OpenAI-Anthropic-Rider	disabled	disabled	af71455296dda56f73dc20ade032013cc773819c9abeac521cc5234a8fbdf6f1	admitted	docs/DEPENDENCY_AND_MEMORY_SAFETY_CONSTITUTION.md#7-dependency-admission-procedure
sqlmodel-frankensqlite	registry+https://github.com/rust-lang/crates.io-index	0.4.2	not_applicable	076c9050c286bcc65e7e13270721d5044752404fbc96583b5c636a8f759852ca	none	disabled	3bb2374d472dc7ceca488d44e60c18b86546270036c5b31b1d79a28aa2f0ce83	all-cargo-lock-targets	LicenseRef-MIT-OpenAI-Anthropic-Rider	disabled	disabled	0c10b0bee96a8ee30a65b4cf1b6c7b436fce3baa43bbdfa1739056f959aecac7	admitted	docs/DEPENDENCY_AND_MEMORY_SAFETY_CONSTITUTION.md#7-dependency-admission-procedure
