# franken-constellation-v1
# `public_contract_fingerprint` is SHA-256 over the deterministic
# `frankengit.public-contract-candidate-inventory.v1` source inventory emitted
# by `fgit-registry-check ledger-constellation`. It is lexical source evidence,
# not a semantic Rust API equivalence proof. `transitive_unsafe_digest` is
# SHA-256 over that command's resolved closure identities and lexical unsafe
# construct candidates. Regenerate both on every admitted source update.
state	admitted
package	source	version	revision	checksum	features	default_features	public_contract_fingerprint	target_support	license	build_scripts	proc_macros	transitive_unsafe_digest	evidence_class	removal_update_path
asupersync	registry+https://github.com/rust-lang/crates.io-index	0.5.0	not_applicable	f34b1a19ffd6b74570339a156912436335bb09c594c675c62ea164b19a1f2511	none	disabled	fe44665a3c0d439a4ed36bd547c7f8a35c5cb1b16cedf97bd43c52711ad93936	all-cargo-lock-targets	LicenseRef-MIT-OpenAI-Anthropic-Rider	enabled	disabled	ccdddde5fec69505c232049b1e885aef74f7fede3b879c76ca0b49c03c9202ba	admitted	docs/DEPENDENCY_AND_MEMORY_SAFETY_CONSTITUTION.md#7-dependency-admission-procedure
franken-decision	registry+https://github.com/rust-lang/crates.io-index	0.5.0	not_applicable	b01c92bbc04816e42bc68dbf697777e83d87fc00e9ad5cec70a5c86331d834b3	none	not_applicable	49aa11c1ca760a3f6db6fb4148f4896208a65133349b45e77eaa4d855c579876	all-cargo-lock-targets	LicenseRef-MIT-OpenAI-Anthropic-Rider	disabled	disabled	de87d04c8f74c4bef8d81946d0feb97e1c35bf7c096e3e6212aefb8740c391d3	admitted	docs/DEPENDENCY_AND_MEMORY_SAFETY_CONSTITUTION.md#7-dependency-admission-procedure
franken-evidence	registry+https://github.com/rust-lang/crates.io-index	0.5.0	not_applicable	ccdd9e8e38746aa524dd8b22a35aa7c1485379156d3a145d077521e80ce429de	none	not_applicable	9b771b08c8568700c68a0d5e2755197dda59dd7fc0cd3f3722b50e7126d0577d	all-cargo-lock-targets	LicenseRef-MIT-OpenAI-Anthropic-Rider	disabled	disabled	f5b61f999b3ec19dcfa68e1c0e1126a0f3045a5468a8becaa86b1a8cdfc32d18	admitted	docs/DEPENDENCY_AND_MEMORY_SAFETY_CONSTITUTION.md#7-dependency-admission-procedure
franken-kernel	registry+https://github.com/rust-lang/crates.io-index	0.5.0	not_applicable	dbe470e8d7f35572ff1571ac02cb14486a77bc8a98ac6830eb8756ba4a869c0a	none	not_applicable	d56f550f2e84c180ef610907339c1af09501cdfa05f0402eddfef48464cd846c	all-cargo-lock-targets	LicenseRef-MIT-OpenAI-Anthropic-Rider	disabled	disabled	c85662bcb0dc0402244a01fc532a4e79f3ed1f621f6afe4e1434f15ae1193570	admitted	docs/DEPENDENCY_AND_MEMORY_SAFETY_CONSTITUTION.md#7-dependency-admission-procedure
fsqlite	registry+https://github.com/rust-lang/crates.io-index	0.4.0	not_applicable	3d119c5e541892931d86b8a895addab18fc8545324f3aabe47174d45e0edcbef	async-api,native	disabled	e118a97cd5ef83f8b1b25816fef1e33e31a10f263c37e52d1ade185fceaeadac	all-cargo-lock-targets	LicenseRef-MIT-OpenAI-Anthropic-Rider	disabled	disabled	540c410dd61227753c034532cf9e0ad855bda92697f95759b22e2d7339a854f5	admitted	docs/DEPENDENCY_AND_MEMORY_SAFETY_CONSTITUTION.md#7-dependency-admission-procedure
sqlmodel-core	registry+https://github.com/rust-lang/crates.io-index	0.5.0	not_applicable	ebd4107cf2b888fbbcc9e8a967320d606dcf131ef2d0a065861276ce5a8cf330	default	disabled	3312aa4c850c23706538858a2158da4a0aee64f3dd37e5b254347f9ace7a9edc	all-cargo-lock-targets	LicenseRef-MIT-OpenAI-Anthropic-Rider	disabled	disabled	a1669fad858eb3458f8e0f70a12fcfb400fee2f5f477bf5df524f1e803d44238	admitted	docs/DEPENDENCY_AND_MEMORY_SAFETY_CONSTITUTION.md#7-dependency-admission-procedure
sqlmodel-frankensqlite	registry+https://github.com/rust-lang/crates.io-index	0.5.0	not_applicable	ae972c7984b901a618d61e7b548dde65f135e9344343b7d3abbe7ea73e73ad52	none	disabled	42072acf8ac32b42e0983c6db431ccfdcf008f2bad9f6cb42b4081ba13fcffa1	all-cargo-lock-targets	LicenseRef-MIT-OpenAI-Anthropic-Rider	disabled	disabled	7c706b6e30252046dd1eadddfd2e71ad53b7c0ad73adfc8160a1b892d9befccf	admitted	docs/DEPENDENCY_AND_MEMORY_SAFETY_CONSTITUTION.md#7-dependency-admission-procedure
